// !$*UTF8*$!
{
	archiveVersion = 1;
	classes = {
	};
	objectVersion = 56;
	objects = {

/* Begin PBXBuildFile section */
		050D6A3929237F2A00D80966 /* RestaurantResource.swift in Sources */ = {isa = PBXBuildFile; fileRef = 050D6A3829237F2A00D80966 /* RestaurantResource.swift */; };
		050D6A3B2923819900D80966 /* RestaurantRequest.swift in Sources */ = {isa = PBXBuildFile; fileRef = 050D6A3A2923819900D80966 /* RestaurantRequest.swift */; };
		051D21A02923884600BF4CA0 /* StartViewController.swift in Sources */ = {isa = PBXBuildFile; fileRef = 051D219E2923884600BF4CA0 /* StartViewController.swift */; };
		051D21A12923884600BF4CA0 /* StartViewController.xib in Resources */ = {isa = PBXBuildFile; fileRef = 051D219F2923884600BF4CA0 /* StartViewController.xib */; };
		05A9124329237B98000AF4F7 /* AppDelegate.swift in Sources */ = {isa = PBXBuildFile; fileRef = 05A9124229237B98000AF4F7 /* AppDelegate.swift */; };
		05A9124529237B98000AF4F7 /* SceneDelegate.swift in Sources */ = {isa = PBXBuildFile; fileRef = 05A9124429237B98000AF4F7 /* SceneDelegate.swift */; };
		05A9124729237B98000AF4F7 /* ViewController.swift in Sources */ = {isa = PBXBuildFile; fileRef = 05A9124629237B98000AF4F7 /* ViewController.swift */; };
		05A9124A29237B98000AF4F7 /* Main.storyboard in Resources */ = {isa = PBXBuildFile; fileRef = 05A9124829237B98000AF4F7 /* Main.storyboard */; };
		05A9124C29237B99000AF4F7 /* Assets.xcassets in Resources */ = {isa = PBXBuildFile; fileRef = 05A9124B29237B99000AF4F7 /* Assets.xcassets */; };
		05A9124F29237B99000AF4F7 /* LaunchScreen.storyboard in Resources */ = {isa = PBXBuildFile; fileRef = 05A9124D29237B99000AF4F7 /* LaunchScreen.storyboard */; };
		F0DF4AD5BB7E465620A062C6 /* Pods_MangoPlate_Clone.framework in Frameworks */ = {isa = PBXBuildFile; fileRef = BCE0C4E682D3F5951EE2F331 /* Pods_MangoPlate_Clone.framework */; };
/* End PBXBuildFile section */

/* Begin PBXFileReference section */
		050D6A3829237F2A00D80966 /* RestaurantResource.swift */ = {isa = PBXFileReference; lastKnownFileType = sourcecode.swift; path = RestaurantResource.swift; sourceTree = "<group>"; };
		050D6A3A2923819900D80966 /* RestaurantRequest.swift */ = {isa = PBXFileReference; lastKnownFileType = sourcecode.swift; path = RestaurantRequest.swift; sourceTree = "<group>"; };
		051D219E2923884600BF4CA0 /* StartViewController.swift */ = {isa = PBXFileReference; lastKnownFileType = sourcecode.swift; path = StartViewController.swift; sourceTree = "<group>"; };
		051D219F2923884600BF4CA0 /* StartViewController.xib */ = {isa = PBXFileReference; lastKnownFileType = file.xib; name = StartViewController.xib; path = ../StartViewController.xib; sourceTree = "<group>"; };
		05A9123F29237B98000AF4F7 /* MangoPlate Clone.app */ = {isa = PBXFileReference; explicitFileType = wrapper.application; includeInIndex = 0; path = "MangoPlate Clone.app"; sourceTree = BUILT_PRODUCTS_DIR; };
		05A9124229237B98000AF4F7 /* AppDelegate.swift */ = {isa = PBXFileReference; lastKnownFileType = sourcecode.swift; path = AppDelegate.swift; sourceTree = "<group>"; };
		05A9124429237B98000AF4F7 /* SceneDelegate.swift */ = {isa = PBXFileReference; lastKnownFileType = sourcecode.swift; path = SceneDelegate.swift; sourceTree = "<group>"; };
		05A9124629237B98000AF4F7 /* ViewController.swift */ = {isa = PBXFileReference; lastKnownFileType = sourcecode.swift; path = ViewController.swift; sourceTree = "<group>"; };
		05A9124929237B98000AF4F7 /* Base */ = {isa = PBXFileReference; lastKnownFileType = file.storyboard; name = Base; path = Base.lproj/Main.storyboard; sourceTree = "<group>"; };
		05A9124B29237B99000AF4F7 /* Assets.xcassets */ = {isa = PBXFileReference; lastKnownFileType = folder.assetcatalog; path = Assets.xcassets; sourceTree = "<group>"; };
		05A9124E29237B99000AF4F7 /* Base */ = {isa = PBXFileReference; lastKnownFileType = file.storyboard; name = Base; path = Base.lproj/LaunchScreen.storyboard; sourceTree = "<group>"; };
		05A9125029237B99000AF4F7 /* Info.plist */ = {isa = PBXFileReference; lastKnownFileType = text.plist.xml; path = Info.plist; sourceTree = "<group>"; };
		15AF0DEEB49F699273FBF768 /* Pods-MangoPlate Clone.debug.xcconfig */ = {isa = PBXFileReference; includeInIndex = 1; lastKnownFileType = text.xcconfig; name = "Pods-MangoPlate Clone.debug.xcconfig"; path = "Target Support Files/Pods-MangoPlate Clone/Pods-MangoPlate Clone.debug.xcconfig"; sourceTree = "<group>"; };
		BCE0C4E682D3F5951EE2F331 /* Pods_MangoPlate_Clone.framework */ = {isa = PBXFileReference; explicitFileType = wrapper.framework; includeInIndex = 0; path = Pods_MangoPlate_Clone.framework; sourceTree = BUILT_PRODUCTS_DIR; };
		D003EB1CFE452B84821FE976 /* Pods-MangoPlate Clone.release.xcconfig */ = {isa = PBXFileReference; includeInIndex = 1; lastKnownFileType = text.xcconfig; name = "Pods-MangoPlate Clone.release.xcconfig"; path = "Target Support Files/Pods-MangoPlate Clone/Pods-MangoPlate Clone.release.xcconfig"; sourceTree = "<group>"; };
/* End PBXFileReference section */

/* Begin PBXFrameworksBuildPhase section */
		05A9123C29237B97000AF4F7 /* Frameworks */ = {
			isa = PBXFrameworksBuildPhase;
			buildActionMask = 2147483647;
			files = (
				F0DF4AD5BB7E465620A062C6 /* Pods_MangoPlate_Clone.framework in Frameworks */,
			);
			runOnlyForDeploymentPostprocessing = 0;
		};
/* End PBXFrameworksBuildPhase section */

/* Begin PBXGroup section */
		050D6A3429237D6200D80966 /* Delegate */ = {
			isa = PBXGroup;
			children = (
				05A9124229237B98000AF4F7 /* AppDelegate.swift */,
				05A9124429237B98000AF4F7 /* SceneDelegate.swift */,
			);
			name = Delegate;
			sourceTree = "<group>";
		};
		050D6A3529237D6E00D80966 /* ViewController */ = {
			isa = PBXGroup;
			children = (
				051D219E2923884600BF4CA0 /* StartViewController.swift */,
				05A9124629237B98000AF4F7 /* ViewController.swift */,
			);
			path = ViewController;
			sourceTree = "<group>";
		};
		050D6A3629237D7900D80966 /* API */ = {
			isa = PBXGroup;
			children = (
				050D6A3829237F2A00D80966 /* RestaurantResource.swift */,
				050D6A3A2923819900D80966 /* RestaurantRequest.swift */,
			);
			name = API;
			sourceTree = "<group>";
		};
		050D6A3729237D8800D80966 /* Storyboard */ = {
			isa = PBXGroup;
			children = (
				05A9124829237B98000AF4F7 /* Main.storyboard */,
				05A9124D29237B99000AF4F7 /* LaunchScreen.storyboard */,
				051D219F2923884600BF4CA0 /* StartViewController.xib */,
			);
			path = Storyboard;
			sourceTree = "<group>";
		};
		05A9123629237B97000AF4F7 = {
			isa = PBXGroup;
			children = (
				05A9124129237B98000AF4F7 /* MangoPlate Clone */,
				05A9124029237B98000AF4F7 /* Products */,
				C7F5DEAD8317DB13A5EEDA32 /* Pods */,
				FFE2361C259204F649655E08 /* Frameworks */,
			);
			sourceTree = "<group>";
		};
		05A9124029237B98000AF4F7 /* Products */ = {
			isa = PBXGroup;
			children = (
				05A9123F29237B98000AF4F7 /* MangoPlate Clone.app */,
			);
			name = Products;
			sourceTree = "<group>";
		};
		05A9124129237B98000AF4F7 /* MangoPlate Clone */ = {
			isa = PBXGroup;
			children = (
				050D6A3729237D8800D80966 /* Storyboard */,
				050D6A3629237D7900D80966 /* API */,
				050D6A3529237D6E00D80966 /* ViewController */,
				050D6A3429237D6200D80966 /* Delegate */,
				05A9124B29237B99000AF4F7 /* Assets.xcassets */,
				05A9125029237B99000AF4F7 /* Info.plist */,
			);
			path = "MangoPlate Clone";
			sourceTree = "<group>";
		};
		C7F5DEAD8317DB13A5EEDA32 /* Pods */ = {
			isa = PBXGroup;
			children = (
				15AF0DEEB49F699273FBF768 /* Pods-MangoPlate Clone.debug.xcconfig */,
				D003EB1CFE452B84821FE976 /* Pods-MangoPlate Clone.release.xcconfig */,
			);
			path = Pods;
			sourceTree = "<group>";
		};
		FFE2361C259204F649655E08 /* Frameworks */ = {
			isa = PBXGroup;
			children = (
				BCE0C4E682D3F5951EE2F331 /* Pods_MangoPlate_Clone.framework */,
			);
			name = Frameworks;
			sourceTree = "<group>";
		};
/* End PBXGroup section */

/* Begin PBXNativeTarget section */
		05A9123E29237B97000AF4F7 /* MangoPlate Clone */ = {
			isa = PBXNativeTarget;
			buildConfigurationList = 05A9125329237B99000AF4F7 /* Build configuration list for PBXNativeTarget "MangoPlate Clone" */;
			buildPhases = (
				334D2C137EDAEEEFF81DA686 /* [CP] Check Pods Manifest.lock */,
				05A9123B29237B97000AF4F7 /* Sources */,
				05A9123C29237B97000AF4F7 /* Frameworks */,
				05A9123D29237B97000AF4F7 /* Resources */,
				0FB7E5FF0A73792465B8E5EA /* [CP] Embed Pods Frameworks */,
			);
			buildRules = (
			);
			dependencies = (
			);
			name = "MangoPlate Clone";
			productName = "MangoPlate Clone";
			productReference = 05A9123F29237B98000AF4F7 /* MangoPlate Clone.app */;
			productType = "com.apple.product-type.application";
		};
/* End PBXNativeTarget section */

/* Begin PBXProject section */
		05A9123729237B97000AF4F7 /* Project object */ = {
			isa = PBXProject;
			attributes = {
				BuildIndependentTargetsInParallel = 1;
				LastSwiftUpdateCheck = 1410;
				LastUpgradeCheck = 1410;
				TargetAttributes = {
					05A9123E29237B97000AF4F7 = {
						CreatedOnToolsVersion = 14.1;
					};
				};
			};
			buildConfigurationList = 05A9123A29237B97000AF4F7 /* Build configuration list for PBXProject "MangoPlate Clone" */;
			compatibilityVersion = "Xcode 14.0";
			developmentRegion = en;
			hasScannedForEncodings = 0;
			knownRegions = (
				en,
				Base,
			);
			mainGroup = 05A9123629237B97000AF4F7;
			productRefGroup = 05A9124029237B98000AF4F7 /* Products */;
			projectDirPath = "";
			projectRoot = "";
			targets = (
				05A9123E29237B97000AF4F7 /* MangoPlate Clone */,
			);
		};
/* End PBXProject section */

/* Begin PBXResourcesBuildPhase section */
		05A9123D29237B97000AF4F7 /* Resources */ = {
			isa = PBXResourcesBuildPhase;
			buildActionMask = 2147483647;
			files = (
				05A9124F29237B99000AF4F7 /* LaunchScreen.storyboard in Resources */,
				051D21A12923884600BF4CA0 /* StartViewController.xib in Resources */,
				05A9124C29237B99000AF4F7 /* Assets.xcassets in Resources */,
				05A9124A29237B98000AF4F7 /* Main.storyboard in Resources */,
			);
			runOnlyForDeploymentPostprocessing = 0;
		};
/* End PBXResourcesBuildPhase section */

/* Begin PBXShellScriptBuildPhase section */
		0FB7E5FF0A73792465B8E5EA /* [CP] Embed Pods Frameworks */ = {
			isa = PBXShellScriptBuildPhase;
			buildActionMask = 2147483647;
			files = (
			);
			inputFileListPaths = (
				"${PODS_ROOT}/Target Support Files/Pods-MangoPlate Clone/Pods-MangoPlate Clone-frameworks-${CONFIGURATION}-input-files.xcfilelist",
			);
			name = "[CP] Embed Pods Frameworks";
			outputFileListPaths = (
				"${PODS_ROOT}/Target Support Files/Pods-MangoPlate Clone/Pods-MangoPlate Clone-frameworks-${CONFIGURATION}-output-files.xcfilelist",
			);
			runOnlyForDeploymentPostprocessing = 0;
			shellPath = /bin/sh;
			shellScript = "\"${PODS_ROOT}/Target Support Files/Pods-MangoPlate Clone/Pods-MangoPlate Clone-frameworks.sh\"\n";
			showEnvVarsInLog = 0;
		};
		334D2C137EDAEEEFF81DA686 /* [CP] Check Pods Manifest.lock */ = {
			isa = PBXShellScriptBuildPhase;
			buildActionMask = 2147483647;
			files = (
			);
			inputFileListPaths = (
			);
			inputPaths = (
				"${PODS_PODFILE_DIR_PATH}/Podfile.lock",
				"${PODS_ROOT}/Manifest.lock",
			);
			name = "[CP] Check Pods Manifest.lock";
			outputFileListPaths = (
			);
			outputPaths = (
				"$(DERIVED_FILE_DIR)/Pods-MangoPlate Clone-checkManifestLockResult.txt",
			);
			runOnlyForDeploymentPostprocessing = 0;
			shellPath = /bin/sh;
			shellScript = "diff \"${PODS_PODFILE_DIR_PATH}/Podfile.lock\" \"${PODS_ROOT}/Manifest.lock\" > /dev/null\nif [ $? != 0 ] ; then\n    # print error to STDERR\n    echo \"error: The sandbox is not in sync with the Podfile.lock. Run 'pod install' or update your CocoaPods installation.\" >&2\n    exit 1\nfi\n# This output is used by Xcode 'outputs' to avoid re-running this script phase.\necho \"SUCCESS\" > \"${SCRIPT_OUTPUT_FILE_0}\"\n";
			showEnvVarsInLog = 0;
		};
/* End PBXShellScriptBuildPhase section */

/* Begin PBXSourcesBuildPhase section */
		05A9123B29237B97000AF4F7 /* Sources */ = {
			isa = PBXSourcesBuildPhase;
			buildActionMask = 2147483647;
			files = (
				050D6A3B2923819900D80966 /* RestaurantRequest.swift in Sources */,
				050D6A3929237F2A00D80966 /* RestaurantResource.swift in Sources */,
				05A9124729237B98000AF4F7 /* ViewController.swift in Sources */,
				05A9124329237B98000AF4F7 /* AppDelegate.swift in Sources */,
				05A9124529237B98000AF4F7 /* SceneDelegate.swift in Sources */,
				051D21A02923884600BF4CA0 /* StartViewController.swift in Sources */,
			);
			runOnlyForDeploymentPostprocessing = 0;
		};
/* End PBXSourcesBuildPhase section */

/* Begin PBXVariantGroup section */
		05A9124829237B98000AF4F7 /* Main.storyboard */ = {
			isa = PBXVariantGroup;
			children = (
				05A9124929237B98000AF4F7 /* Base */,
			);
			name = Main.storyboard;
			sourceTree = "<group>";
		};
		05A9124D29237B99000AF4F7 /* LaunchScreen.storyboard */ = {
			isa = PBXVariantGroup;
			children = (
				05A9124E29237B99000AF4F7 /* Base */,
			);
			name = LaunchScreen.storyboard;
			sourceTree = "<group>";
		};
/* End PBXVariantGroup section */

/* Begin XCBuildConfiguration section */
		05A9125129237B99000AF4F7 /* Debug */ = {
			isa = XCBuildConfiguration;
			buildSettings = {
				ALWAYS_SEARCH_USER_PATHS = NO;
				CLANG_ANALYZER_NONNULL = YES;
				CLANG_ANALYZER_NUMBER_OBJECT_CONVERSION = YES_AGGRESSIVE;
				CLANG_CXX_LANGUAGE_STANDARD = "gnu++20";
				CLANG_ENABLE_MODULES = YES;
				CLANG_ENABLE_OBJC_ARC = YES;
				CLANG_ENABLE_OBJC_WEAK = YES;
				CLANG_WARN_BLOCK_CAPTURE_AUTORELEASING = YES;
				CLANG_WARN_BOOL_CONVERSION = YES;
				CLANG_WARN_COMMA = YES;
				CLANG_WARN_CONSTANT_CONVERSION = YES;
				CLANG_WARN_DEPRECATED_OBJC_IMPLEMENTATIONS = YES;
				CLANG_WARN_DIRECT_OBJC_ISA_USAGE = YES_ERROR;
				CLANG_WARN_DOCUMENTATION_COMMENTS = YES;
				CLANG_WARN_EMPTY_BODY = YES;
				CLANG_WARN_ENUM_CONVERSION = YES;
				CLANG_WARN_INFINITE_RECURSION = YES;
				CLANG_WARN_INT_CONVERSION = YES;
				CLANG_WARN_NON_LITERAL_NULL_CONVERSION = YES;
				CLANG_WARN_OBJC_IMPLICIT_RETAIN_SELF = YES;
				CLANG_WARN_OBJC_LITERAL_CONVERSION = YES;
				CLANG_WARN_OBJC_ROOT_CLASS = YES_ERROR;
				CLANG_WARN_QUOTED_INCLUDE_IN_FRAMEWORK_HEADER = YES;
				CLANG_WARN_RANGE_LOOP_ANALYSIS = YES;
				CLANG_WARN_STRICT_PROTOTYPES = YES;
				CLANG_WARN_SUSPICIOUS_MOVE = YES;
				CLANG_WARN_UNGUARDED_AVAILABILITY = YES_AGGRESSIVE;
				CLANG_WARN_UNREACHABLE_CODE = YES;
				CLANG_WARN__DUPLICATE_METHOD_MATCH = YES;
				COPY_PHASE_STRIP = NO;
				DEBUG_INFORMATION_FORMAT = dwarf;
				ENABLE_STRICT_OBJC_MSGSEND = YES;
				ENABLE_TESTABILITY = YES;
				GCC_C_LANGUAGE_STANDARD = gnu11;
				GCC_DYNAMIC_NO_PIC = NO;
				GCC_NO_COMMON_BLOCKS = YES;
				GCC_OPTIMIZATION_LEVEL = 0;
				GCC_PREPROCESSOR_DEFINITIONS = (
					"DEBUG=1",
					"$(inherited)",
				);
				GCC_WARN_64_TO_32_BIT_CONVERSION = YES;
				GCC_WARN_ABOUT_RETURN_TYPE = YES_ERROR;
				GCC_WARN_UNDECLARED_SELECTOR = YES;
				GCC_WARN_UNINITIALIZED_AUTOS = YES_AGGRESSIVE;
				GCC_WARN_UNUSED_FUNCTION = YES;
				GCC_WARN_UNUSED_VARIABLE = YES;
				IPHONEOS_DEPLOYMENT_TARGET = 16.1;
				MTL_ENABLE_DEBUG_INFO = INCLUDE_SOURCE;
				MTL_FAST_MATH = YES;
				ONLY_ACTIVE_ARCH = YES;
				SDKROOT = iphoneos;
				SWIFT_ACTIVE_COMPILATION_CONDITIONS = DEBUG;
				SWIFT_OPTIMIZATION_LEVEL = "-Onone";
			};
			name = Debug;
		};
		05A9125229237B99000AF4F7 /* Release */ = {
			isa = XCBuildConfiguration;
			buildSettings = {
				ALWAYS_SEARCH_USER_PATHS = NO;
				CLANG_ANALYZER_NONNULL = YES;
				CLANG_ANALYZER_NUMBER_OBJECT_CONVERSION = YES_AGGRESSIVE;
				CLANG_CXX_LANGUAGE_STANDARD = "gnu++20";
				CLANG_ENABLE_MODULES = YES;
				CLANG_ENABLE_OBJC_ARC = YES;
				CLANG_ENABLE_OBJC_WEAK = YES;
				CLANG_WARN_BLOCK_CAPTURE_AUTORELEASING = YES;
				CLANG_WARN_BOOL_CONVERSION = YES;
				CLANG_WARN_COMMA = YES;
				CLANG_WARN_CONSTANT_CONVERSION = YES;
				CLANG_WARN_DEPRECATED_OBJC_IMPLEMENTATIONS = YES;
				CLANG_WARN_DIRECT_OBJC_ISA_USAGE = YES_ERROR;
				CLANG_WARN_DOCUMENTATION_COMMENTS = YES;
				CLANG_WARN_EMPTY_BODY = YES;
				CLANG_WARN_ENUM_CONVERSION = YES;
				CLANG_WARN_INFINITE_RECURSION = YES;
				CLANG_WARN_INT_CONVERSION = YES;
				CLANG_WARN_NON_LITERAL_NULL_CONVERSION = YES;
				CLANG_WARN_OBJC_IMPLICIT_RETAIN_SELF = YES;
				CLANG_WARN_OBJC_LITERAL_CONVERSION = YES;
				CLANG_WARN_OBJC_ROOT_CLASS = YES_ERROR;
				CLANG_WARN_QUOTED_INCLUDE_IN_FRAMEWORK_HEADER = YES;
				CLANG_WARN_RANGE_LOOP_ANALYSIS = YES;
				CLANG_WARN_STRICT_PROTOTYPES = YES;
				CLANG_WARN_SUSPICIOUS_MOVE = YES;
				CLANG_WARN_UNGUARDED_AVAILABILITY = YES_AGGRESSIVE;
				CLANG_WARN_UNREACHABLE_CODE = YES;
				CLANG_WARN__DUPLICATE_METHOD_MATCH = YES;
				COPY_PHASE_STRIP = NO;
				DEBUG_INFORMATION_FORMAT = "dwarf-with-dsym";
				ENABLE_NS_ASSERTIONS = NO;
				ENABLE_STRICT_OBJC_MSGSEND = YES;
				GCC_C_LANGUAGE_STANDARD = gnu11;
				GCC_NO_COMMON_BLOCKS = YES;
				GCC_WARN_64_TO_32_BIT_CONVERSION = YES;
				GCC_WARN_ABOUT_RETURN_TYPE = YES_ERROR;
				GCC_WARN_UNDECLARED_SELECTOR = YES;
				GCC_WARN_UNINITIALIZED_AUTOS = YES_AGGRESSIVE;
				GCC_WARN_UNUSED_FUNCTION = YES;
				GCC_WARN_UNUSED_VARIABLE = YES;
				IPHONEOS_DEPLOYMENT_TARGET = 16.1;
				MTL_ENABLE_DEBUG_INFO = NO;
				MTL_FAST_MATH = YES;
				SDKROOT = iphoneos;
				SWIFT_COMPILATION_MODE = wholemodule;
				SWIFT_OPTIMIZATION_LEVEL = "-O";
				VALIDATE_PRODUCT = YES;
			};
			name = Release;
		};
		05A9125429237B99000AF4F7 /* Debug */ = {
			isa = XCBuildConfiguration;
			baseConfigurationReference = 15AF0DEEB49F699273FBF768 /* Pods-MangoPlate Clone.debug.xcconfig */;
			buildSettings = {
				ASSETCATALOG_COMPILER_APPICON_NAME = AppIcon;
				ASSETCATALOG_COMPILER_GLOBAL_ACCENT_COLOR_NAME = AccentColor;
				CODE_SIGN_STYLE = Automatic;
				CURRENT_PROJECT_VERSION = 1;
				DEVELOPMENT_TEAM = 9JZYRP3D46;
				GENERATE_INFOPLIST_FILE = YES;
				INFOPLIST_FILE = "MangoPlate Clone/Info.plist";
				INFOPLIST_KEY_UIApplicationSupportsIndirectInputEvents = YES;
				INFOPLIST_KEY_UILaunchStoryboardName = LaunchScreen;
				INFOPLIST_KEY_UIMainStoryboardFile = Main;
				INFOPLIST_KEY_UISupportedInterfaceOrientations_iPad = "UIInterfaceOrientationPortrait UIInterfaceOrientationPortraitUpsideDown UIInterfaceOrientationLandscapeLeft UIInterfaceOrientationLandscapeRight";
				INFOPLIST_KEY_UISupportedInterfaceOrientations_iPhone = "UIInterfaceOrientationPortrait UIInterfaceOrientationLandscapeLeft UIInterfaceOrientationLandscapeRight";
				IPHONEOS_DEPLOYMENT_TARGET = 15.0;
				LD_RUNPATH_SEARCH_PATHS = (
					"$(inherited)",
					"@executable_path/Frameworks",
				);
				MARKETING_VERSION = 1.0;
				PRODUCT_BUNDLE_IDENTIFIER = "com.0Hooni.MangoPlate-Clone";
				PRODUCT_NAME = "$(TARGET_NAME)";
				SWIFT_EMIT_LOC_STRINGS = YES;
				SWIFT_VERSION = 5.0;
				TARGETED_DEVICE_FAMILY = "1,2";
			};
			name = Debug;
		};
		05A9125529237B99000AF4F7 /* Release */ = {
			isa = XCBuildConfiguration;
			baseConfigurationReference = D003EB1CFE452B84821FE976 /* Pods-MangoPlate Clone.release.xcconfig */;
			buildSettings = {
				ASSETCATALOG_COMPILER_APPICON_NAME = AppIcon;
				ASSETCATALOG_COMPILER_GLOBAL_ACCENT_COLOR_NAME = AccentColor;
				CODE_SIGN_STYLE = Automatic;
				CURRENT_PROJECT_VERSION = 1;
				DEVELOPMENT_TEAM = 9JZYRP3D46;
				GENERATE_INFOPLIST_FILE = YES;
				INFOPLIST_FILE = "MangoPlate Clone/Info.plist";
				INFOPLIST_KEY_UIApplicationSupportsIndirectInputEvents = YES;
				INFOPLIST_KEY_UILaunchStoryboardName = LaunchScreen;
				INFOPLIST_KEY_UIMainStoryboardFile = Main;
				INFOPLIST_KEY_UISupportedInterfaceOrientations_iPad = "UIInterfaceOrientationPortrait UIInterfaceOrientationPortraitUpsideDown UIInterfaceOrientationLandscapeLeft UIInterfaceOrientationLandscapeRight";
				INFOPLIST_KEY_UISupportedInterfaceOrientations_iPhone = "UIInterfaceOrientationPortrait UIInterfaceOrientationLandscapeLeft UIInterfaceOrientationLandscapeRight";
				IPHONEOS_DEPLOYMENT_TARGET = 15.0;
				LD_RUNPATH_SEARCH_PATHS = (
					"$(inherited)",
					"@executable_path/Frameworks",
				);
				MARKETING_VERSION = 1.0;
				PRODUCT_BUNDLE_IDENTIFIER = "com.0Hooni.MangoPlate-Clone";
				PRODUCT_NAME = "$(TARGET_NAME)";
				SWIFT_EMIT_LOC_STRINGS = YES;
				SWIFT_VERSION = 5.0;
				TARGETED_DEVICE_FAMILY = "1,2";
			};
			name = Release;
		};
/* End XCBuildConfiguration section */

/* Begin XCConfigurationList section */
		05A9123A29237B97000AF4F7 /* Build configuration list for PBXProject "MangoPlate Clone" */ = {
			isa = XCConfigurationList;
			buildConfigurations = (
				05A9125129237B99000AF4F7 /* Debug */,
				05A9125229237B99000AF4F7 /* Release */,
			);
			defaultConfigurationIsVisible = 0;
			defaultConfigurationName = Release;
		};
		05A9125329237B99000AF4F7 /* Build configuration list for PBXNativeTarget "MangoPlate Clone" */ = {
			isa = XCConfigurationList;
			buildConfigurations = (
				05A9125429237B99000AF4F7 /* Debug */,
				05A9125529237B99000AF4F7 /* Release */,
			);
			defaultConfigurationIsVisible = 0;
			defaultConfigurationName = Release;
		};
/* End XCConfigurationList section */
	};
	rootObject = 05A9123729237B97000AF4F7 /* Project object */;
}
