// !$*UTF8*$!
{
	archiveVersion = 1;
	classes = {
	};
	objectVersion = 56;
	objects = {

/* Begin PBXBuildFile section */
		055ADA1C2A235F5400BA4585 /* AddCountryViewController.swift in Sources */ = {isa = PBXBuildFile; fileRef = 055ADA1B2A235F5400BA4585 /* AddCountryViewController.swift */; };
		057F744E2A2482E1003CFC80 /* AddAlarmViewController.swift in Sources */ = {isa = PBXBuildFile; fileRef = 057F744D2A2482E1003CFC80 /* AddAlarmViewController.swift */; };
		05D01E052A21D0E6001C283D /* AppDelegate.swift in Sources */ = {isa = PBXBuildFile; fileRef = 05D01E042A21D0E6001C283D /* AppDelegate.swift */; };
		05D01E072A21D0E6001C283D /* SceneDelegate.swift in Sources */ = {isa = PBXBuildFile; fileRef = 05D01E062A21D0E6001C283D /* SceneDelegate.swift */; };
		05D01E092A21D0E6001C283D /* GlobalTimeViewController.swift in Sources */ = {isa = PBXBuildFile; fileRef = 05D01E082A21D0E6001C283D /* GlobalTimeViewController.swift */; };
		05D01E0C2A21D0E6001C283D /* Main.storyboard in Resources */ = {isa = PBXBuildFile; fileRef = 05D01E0A2A21D0E6001C283D /* Main.storyboard */; };
		05D01E0E2A21D0E7001C283D /* Assets.xcassets in Resources */ = {isa = PBXBuildFile; fileRef = 05D01E0D2A21D0E7001C283D /* Assets.xcassets */; };
		05D01E112A21D0E7001C283D /* LaunchScreen.storyboard in Resources */ = {isa = PBXBuildFile; fileRef = 05D01E0F2A21D0E7001C283D /* LaunchScreen.storyboard */; };
		05D01E222A21EDCD001C283D /* AlarmViewController.swift in Sources */ = {isa = PBXBuildFile; fileRef = 05D01E212A21EDCD001C283D /* AlarmViewController.swift */; };
		05D01E242A21EDE0001C283D /* StopwatchViewController.swift in Sources */ = {isa = PBXBuildFile; fileRef = 05D01E232A21EDE0001C283D /* StopwatchViewController.swift */; };
		05D01E262A21EDE9001C283D /* TimerViewController.swift in Sources */ = {isa = PBXBuildFile; fileRef = 05D01E252A21EDE9001C283D /* TimerViewController.swift */; };
/* End PBXBuildFile section */

/* Begin PBXFileReference section */
		055ADA1B2A235F5400BA4585 /* AddCountryViewController.swift */ = {isa = PBXFileReference; lastKnownFileType = sourcecode.swift; path = AddCountryViewController.swift; sourceTree = "<group>"; };
		055ADA1F2A236A1000BA4585 /* ko */ = {isa = PBXFileReference; lastKnownFileType = text.plist.strings; name = ko; path = ko.lproj/Main.strings; sourceTree = "<group>"; };
		057F744D2A2482E1003CFC80 /* AddAlarmViewController.swift */ = {isa = PBXFileReference; lastKnownFileType = sourcecode.swift; path = AddAlarmViewController.swift; sourceTree = "<group>"; };
		05D01E012A21D0E6001C283D /* Clone clock app.app */ = {isa = PBXFileReference; explicitFileType = wrapper.application; includeInIndex = 0; path = "Clone clock app.app"; sourceTree = BUILT_PRODUCTS_DIR; };
		05D01E042A21D0E6001C283D /* AppDelegate.swift */ = {isa = PBXFileReference; lastKnownFileType = sourcecode.swift; path = AppDelegate.swift; sourceTree = "<group>"; };
		05D01E062A21D0E6001C283D /* SceneDelegate.swift */ = {isa = PBXFileReference; lastKnownFileType = sourcecode.swift; path = SceneDelegate.swift; sourceTree = "<group>"; };
		05D01E082A21D0E6001C283D /* GlobalTimeViewController.swift */ = {isa = PBXFileReference; lastKnownFileType = sourcecode.swift; path = GlobalTimeViewController.swift; sourceTree = "<group>"; };
		05D01E0B2A21D0E6001C283D /* Base */ = {isa = PBXFileReference; lastKnownFileType = file.storyboard; name = Base; path = Base.lproj/Main.storyboard; sourceTree = "<group>"; };
		05D01E0D2A21D0E7001C283D /* Assets.xcassets */ = {isa = PBXFileReference; lastKnownFileType = folder.assetcatalog; path = Assets.xcassets; sourceTree = "<group>"; };
		05D01E102A21D0E7001C283D /* Base */ = {isa = PBXFileReference; lastKnownFileType = file.storyboard; name = Base; path = Base.lproj/LaunchScreen.storyboard; sourceTree = "<group>"; };
		05D01E122A21D0E7001C283D /* Info.plist */ = {isa = PBXFileReference; lastKnownFileType = text.plist.xml; path = Info.plist; sourceTree = "<group>"; };
		05D01E212A21EDCD001C283D /* AlarmViewController.swift */ = {isa = PBXFileReference; lastKnownFileType = sourcecode.swift; path = AlarmViewController.swift; sourceTree = "<group>"; };
		05D01E232A21EDE0001C283D /* StopwatchViewController.swift */ = {isa = PBXFileReference; lastKnownFileType = sourcecode.swift; path = StopwatchViewController.swift; sourceTree = "<group>"; };
		05D01E252A21EDE9001C283D /* TimerViewController.swift */ = {isa = PBXFileReference; lastKnownFileType = sourcecode.swift; path = TimerViewController.swift; sourceTree = "<group>"; };
/* End PBXFileReference section */

/* Begin PBXFrameworksBuildPhase section */
		05D01DFE2A21D0E6001C283D /* Frameworks */ = {
			isa = PBXFrameworksBuildPhase;
			buildActionMask = 2147483647;
			files = (
			);
			runOnlyForDeploymentPostprocessing = 0;
		};
/* End PBXFrameworksBuildPhase section */

/* Begin PBXGroup section */
		05D01DF82A21D0E6001C283D = {
			isa = PBXGroup;
			children = (
				05D01E032A21D0E6001C283D /* Clone clock app */,
				05D01E022A21D0E6001C283D /* Products */,
			);
			sourceTree = "<group>";
		};
		05D01E022A21D0E6001C283D /* Products */ = {
			isa = PBXGroup;
			children = (
				05D01E012A21D0E6001C283D /* Clone clock app.app */,
			);
			name = Products;
			sourceTree = "<group>";
		};
		05D01E032A21D0E6001C283D /* Clone clock app */ = {
			isa = PBXGroup;
			children = (
				05D01E122A21D0E7001C283D /* Info.plist */,
				05D01E192A21D1C1001C283D /* Source */,
				05D01E182A21D1B5001C283D /* Resource */,
			);
			path = "Clone clock app";
			sourceTree = "<group>";
		};
		05D01E182A21D1B5001C283D /* Resource */ = {
			isa = PBXGroup;
			children = (
				05D01E042A21D0E6001C283D /* AppDelegate.swift */,
				05D01E062A21D0E6001C283D /* SceneDelegate.swift */,
				05D01E0D2A21D0E7001C283D /* Assets.xcassets */,
				05D01E1F2A21D1F2001C283D /* API */,
				05D01E1E2A21D1E5001C283D /* Storyboard */,
			);
			path = Resource;
			sourceTree = "<group>";
		};
		05D01E192A21D1C1001C283D /* Source */ = {
			isa = PBXGroup;
			children = (
				05D01E1D2A21D1E0001C283D /* Model */,
				05D01E1C2A21D1DA001C283D /* Cell */,
				05D01E1B2A21D1CA001C283D /* Class */,
				05D01E1A2A21D1C6001C283D /* VC */,
			);
			path = Source;
			sourceTree = "<group>";
		};
		05D01E1A2A21D1C6001C283D /* VC */ = {
			isa = PBXGroup;
			children = (
				05D01E082A21D0E6001C283D /* GlobalTimeViewController.swift */,
				05D01E212A21EDCD001C283D /* AlarmViewController.swift */,
				05D01E232A21EDE0001C283D /* StopwatchViewController.swift */,
				05D01E252A21EDE9001C283D /* TimerViewController.swift */,
				055ADA1B2A235F5400BA4585 /* AddCountryViewController.swift */,
				057F744D2A2482E1003CFC80 /* AddAlarmViewController.swift */,
			);
			path = VC;
			sourceTree = "<group>";
		};
		05D01E1B2A21D1CA001C283D /* Class */ = {
			isa = PBXGroup;
			children = (
			);
			path = Class;
			sourceTree = "<group>";
		};
		05D01E1C2A21D1DA001C283D /* Cell */ = {
			isa = PBXGroup;
			children = (
			);
			path = Cell;
			sourceTree = "<group>";
		};
		05D01E1D2A21D1E0001C283D /* Model */ = {
			isa = PBXGroup;
			children = (
			);
			path = Model;
			sourceTree = "<group>";
		};
		05D01E1E2A21D1E5001C283D /* Storyboard */ = {
			isa = PBXGroup;
			children = (
				05D01E0A2A21D0E6001C283D /* Main.storyboard */,
				05D01E0F2A21D0E7001C283D /* LaunchScreen.storyboard */,
			);
			path = Storyboard;
			sourceTree = "<group>";
		};
		05D01E1F2A21D1F2001C283D /* API */ = {
			isa = PBXGroup;
			children = (
			);
			path = API;
			sourceTree = "<group>";
		};
/* End PBXGroup section */

/* Begin PBXNativeTarget section */
		05D01E002A21D0E6001C283D /* Clone clock app */ = {
			isa = PBXNativeTarget;
			buildConfigurationList = 05D01E152A21D0E7001C283D /* Build configuration list for PBXNativeTarget "Clone clock app" */;
			buildPhases = (
				05D01DFD2A21D0E6001C283D /* Sources */,
				05D01DFE2A21D0E6001C283D /* Frameworks */,
				05D01DFF2A21D0E6001C283D /* Resources */,
			);
			buildRules = (
			);
			dependencies = (
			);
			name = "Clone clock app";
			productName = "Clone clock app";
			productReference = 05D01E012A21D0E6001C283D /* Clone clock app.app */;
			productType = "com.apple.product-type.application";
		};
/* End PBXNativeTarget section */

/* Begin PBXProject section */
		05D01DF92A21D0E6001C283D /* Project object */ = {
			isa = PBXProject;
			attributes = {
				BuildIndependentTargetsInParallel = 1;
				LastSwiftUpdateCheck = 1430;
				LastUpgradeCheck = 1430;
				TargetAttributes = {
					05D01E002A21D0E6001C283D = {
						CreatedOnToolsVersion = 14.3;
					};
				};
			};
			buildConfigurationList = 05D01DFC2A21D0E6001C283D /* Build configuration list for PBXProject "Clone clock app" */;
			compatibilityVersion = "Xcode 14.0";
			developmentRegion = en;
			hasScannedForEncodings = 0;
			knownRegions = (
				en,
				Base,
				ko,
			);
			mainGroup = 05D01DF82A21D0E6001C283D;
			productRefGroup = 05D01E022A21D0E6001C283D /* Products */;
			projectDirPath = "";
			projectRoot = "";
			targets = (
				05D01E002A21D0E6001C283D /* Clone clock app */,
			);
		};
/* End PBXProject section */

/* Begin PBXResourcesBuildPhase section */
		05D01DFF2A21D0E6001C283D /* Resources */ = {
			isa = PBXResourcesBuildPhase;
			buildActionMask = 2147483647;
			files = (
				05D01E112A21D0E7001C283D /* LaunchScreen.storyboard in Resources */,
				05D01E0E2A21D0E7001C283D /* Assets.xcassets in Resources */,
				05D01E0C2A21D0E6001C283D /* Main.storyboard in Resources */,
			);
			runOnlyForDeploymentPostprocessing = 0;
		};
/* End PBXResourcesBuildPhase section */

/* Begin PBXSourcesBuildPhase section */
		05D01DFD2A21D0E6001C283D /* Sources */ = {
			isa = PBXSourcesBuildPhase;
			buildActionMask = 2147483647;
			files = (
				05D01E222A21EDCD001C283D /* AlarmViewController.swift in Sources */,
				055ADA1C2A235F5400BA4585 /* AddCountryViewController.swift in Sources */,
				05D01E092A21D0E6001C283D /* GlobalTimeViewController.swift in Sources */,
				05D01E242A21EDE0001C283D /* StopwatchViewController.swift in Sources */,
				057F744E2A2482E1003CFC80 /* AddAlarmViewController.swift in Sources */,
				05D01E052A21D0E6001C283D /* AppDelegate.swift in Sources */,
				05D01E262A21EDE9001C283D /* TimerViewController.swift in Sources */,
				05D01E072A21D0E6001C283D /* SceneDelegate.swift in Sources */,
			);
			runOnlyForDeploymentPostprocessing = 0;
		};
/* End PBXSourcesBuildPhase section */

/* Begin PBXVariantGroup section */
		05D01E0A2A21D0E6001C283D /* Main.storyboard */ = {
			isa = PBXVariantGroup;
			children = (
				05D01E0B2A21D0E6001C283D /* Base */,
				055ADA1F2A236A1000BA4585 /* ko */,
			);
			name = Main.storyboard;
			sourceTree = "<group>";
		};
		05D01E0F2A21D0E7001C283D /* LaunchScreen.storyboard */ = {
			isa = PBXVariantGroup;
			children = (
				05D01E102A21D0E7001C283D /* Base */,
			);
			name = LaunchScreen.storyboard;
			sourceTree = "<group>";
		};
/* End PBXVariantGroup section */

/* Begin XCBuildConfiguration section */
		05D01E132A21D0E7001C283D /* Debug */ = {
			isa = XCBuildConfiguration;
			buildSettings = {
				ALWAYS_SEARCH_USER_PATHS = NO;
				CLANG_ANALYZER_LOCALIZABILITY_NONLOCALIZED = YES;
				CLANG_ANALYZER_NONNULL = YES;
				CLANG_ANALYZER_NUMBER_OBJECT_CONVERSION = YES_AGGRESSIVE;
				CLANG_CXX_LANGUAGE_STANDARD = "gnu++20";
				CLANG_ENABLE_MODULES = YES;
				CLANG_ENABLE_OBJC_ARC = YES;
				CLANG_ENABLE_OBJC_WEAK = YES;
				CLANG_WARN_BLOCK_CAPTURE_AUTORELEASING = YES;
				CLANG_WARN_BOOL_CONVERSION = YES;
				CLANG_WARN_COMMA = YES;
				CLANG_WARN_CONSTANT_CONVERSION = YES;
				CLANG_WARN_DEPRECATED_OBJC_IMPLEMENTATIONS = YES;
				CLANG_WARN_DIRECT_OBJC_ISA_USAGE = YES_ERROR;
				CLANG_WARN_DOCUMENTATION_COMMENTS = YES;
				CLANG_WARN_EMPTY_BODY = YES;
				CLANG_WARN_ENUM_CONVERSION = YES;
				CLANG_WARN_INFINITE_RECURSION = YES;
				CLANG_WARN_INT_CONVERSION = YES;
				CLANG_WARN_NON_LITERAL_NULL_CONVERSION = YES;
				CLANG_WARN_OBJC_IMPLICIT_RETAIN_SELF = YES;
				CLANG_WARN_OBJC_LITERAL_CONVERSION = YES;
				CLANG_WARN_OBJC_ROOT_CLASS = YES_ERROR;
				CLANG_WARN_QUOTED_INCLUDE_IN_FRAMEWORK_HEADER = YES;
				CLANG_WARN_RANGE_LOOP_ANALYSIS = YES;
				CLANG_WARN_STRICT_PROTOTYPES = YES;
				CLANG_WARN_SUSPICIOUS_MOVE = YES;
				CLANG_WARN_UNGUARDED_AVAILABILITY = YES_AGGRESSIVE;
				CLANG_WARN_UNREACHABLE_CODE = YES;
				CLANG_WARN__DUPLICATE_METHOD_MATCH = YES;
				COPY_PHASE_STRIP = NO;
				DEBUG_INFORMATION_FORMAT = dwarf;
				ENABLE_STRICT_OBJC_MSGSEND = YES;
				ENABLE_TESTABILITY = YES;
				GCC_C_LANGUAGE_STANDARD = gnu11;
				GCC_DYNAMIC_NO_PIC = NO;
				GCC_NO_COMMON_BLOCKS = YES;
				GCC_OPTIMIZATION_LEVEL = 0;
				GCC_PREPROCESSOR_DEFINITIONS = (
					"DEBUG=1",
					"$(inherited)",
				);
				GCC_WARN_64_TO_32_BIT_CONVERSION = YES;
				GCC_WARN_ABOUT_RETURN_TYPE = YES_ERROR;
				GCC_WARN_UNDECLARED_SELECTOR = YES;
				GCC_WARN_UNINITIALIZED_AUTOS = YES_AGGRESSIVE;
				GCC_WARN_UNUSED_FUNCTION = YES;
				GCC_WARN_UNUSED_VARIABLE = YES;
				IPHONEOS_DEPLOYMENT_TARGET = 15.0;
				MTL_ENABLE_DEBUG_INFO = INCLUDE_SOURCE;
				MTL_FAST_MATH = YES;
				ONLY_ACTIVE_ARCH = YES;
				SDKROOT = iphoneos;
				SWIFT_ACTIVE_COMPILATION_CONDITIONS = DEBUG;
				SWIFT_OPTIMIZATION_LEVEL = "-Onone";
			};
			name = Debug;
		};
		05D01E142A21D0E7001C283D /* Release */ = {
			isa = XCBuildConfiguration;
			buildSettings = {
				ALWAYS_SEARCH_USER_PATHS = NO;
				CLANG_ANALYZER_LOCALIZABILITY_NONLOCALIZED = YES;
				CLANG_ANALYZER_NONNULL = YES;
				CLANG_ANALYZER_NUMBER_OBJECT_CONVERSION = YES_AGGRESSIVE;
				CLANG_CXX_LANGUAGE_STANDARD = "gnu++20";
				CLANG_ENABLE_MODULES = YES;
				CLANG_ENABLE_OBJC_ARC = YES;
				CLANG_ENABLE_OBJC_WEAK = YES;
				CLANG_WARN_BLOCK_CAPTURE_AUTORELEASING = YES;
				CLANG_WARN_BOOL_CONVERSION = YES;
				CLANG_WARN_COMMA = YES;
				CLANG_WARN_CONSTANT_CONVERSION = YES;
				CLANG_WARN_DEPRECATED_OBJC_IMPLEMENTATIONS = YES;
				CLANG_WARN_DIRECT_OBJC_ISA_USAGE = YES_ERROR;
				CLANG_WARN_DOCUMENTATION_COMMENTS = YES;
				CLANG_WARN_EMPTY_BODY = YES;
				CLANG_WARN_ENUM_CONVERSION = YES;
				CLANG_WARN_INFINITE_RECURSION = YES;
				CLANG_WARN_INT_CONVERSION = YES;
				CLANG_WARN_NON_LITERAL_NULL_CONVERSION = YES;
				CLANG_WARN_OBJC_IMPLICIT_RETAIN_SELF = YES;
				CLANG_WARN_OBJC_LITERAL_CONVERSION = YES;
				CLANG_WARN_OBJC_ROOT_CLASS = YES_ERROR;
				CLANG_WARN_QUOTED_INCLUDE_IN_FRAMEWORK_HEADER = YES;
				CLANG_WARN_RANGE_LOOP_ANALYSIS = YES;
				CLANG_WARN_STRICT_PROTOTYPES = YES;
				CLANG_WARN_SUSPICIOUS_MOVE = YES;
				CLANG_WARN_UNGUARDED_AVAILABILITY = YES_AGGRESSIVE;
				CLANG_WARN_UNREACHABLE_CODE = YES;
				CLANG_WARN__DUPLICATE_METHOD_MATCH = YES;
				COPY_PHASE_STRIP = NO;
				DEBUG_INFORMATION_FORMAT = "dwarf-with-dsym";
				ENABLE_NS_ASSERTIONS = NO;
				ENABLE_STRICT_OBJC_MSGSEND = YES;
				GCC_C_LANGUAGE_STANDARD = gnu11;
				GCC_NO_COMMON_BLOCKS = YES;
				GCC_WARN_64_TO_32_BIT_CONVERSION = YES;
				GCC_WARN_ABOUT_RETURN_TYPE = YES_ERROR;
				GCC_WARN_UNDECLARED_SELECTOR = YES;
				GCC_WARN_UNINITIALIZED_AUTOS = YES_AGGRESSIVE;
				GCC_WARN_UNUSED_FUNCTION = YES;
				GCC_WARN_UNUSED_VARIABLE = YES;
				IPHONEOS_DEPLOYMENT_TARGET = 15.0;
				MTL_ENABLE_DEBUG_INFO = NO;
				MTL_FAST_MATH = YES;
				SDKROOT = iphoneos;
				SWIFT_COMPILATION_MODE = wholemodule;
				SWIFT_OPTIMIZATION_LEVEL = "-O";
				VALIDATE_PRODUCT = YES;
			};
			name = Release;
		};
		05D01E162A21D0E7001C283D /* Debug */ = {
			isa = XCBuildConfiguration;
			buildSettings = {
				ASSETCATALOG_COMPILER_APPICON_NAME = AppIcon;
				ASSETCATALOG_COMPILER_GLOBAL_ACCENT_COLOR_NAME = AccentColor;
				CODE_SIGN_STYLE = Automatic;
				CURRENT_PROJECT_VERSION = 1;
				DEVELOPMENT_TEAM = 9JZYRP3D46;
				GENERATE_INFOPLIST_FILE = YES;
				INFOPLIST_FILE = "Clone clock app/Info.plist";
				INFOPLIST_KEY_UIApplicationSupportsIndirectInputEvents = YES;
				INFOPLIST_KEY_UILaunchStoryboardName = LaunchScreen;
				INFOPLIST_KEY_UIMainStoryboardFile = Main;
				INFOPLIST_KEY_UISupportedInterfaceOrientations_iPad = "UIInterfaceOrientationPortrait UIInterfaceOrientationPortraitUpsideDown UIInterfaceOrientationLandscapeLeft UIInterfaceOrientationLandscapeRight";
				INFOPLIST_KEY_UISupportedInterfaceOrientations_iPhone = "UIInterfaceOrientationPortrait UIInterfaceOrientationLandscapeLeft UIInterfaceOrientationLandscapeRight";
				INFOPLIST_KEY_UIUserInterfaceStyle = Dark;
				IPHONEOS_DEPLOYMENT_TARGET = 15.0;
				LD_RUNPATH_SEARCH_PATHS = (
					"$(inherited)",
					"@executable_path/Frameworks",
				);
				MARKETING_VERSION = 1.0;
				PRODUCT_BUNDLE_IDENTIFIER = "-Hooni.Clone-clock-app";
				PRODUCT_NAME = "$(TARGET_NAME)";
				SWIFT_EMIT_LOC_STRINGS = YES;
				SWIFT_VERSION = 5.0;
				TARGETED_DEVICE_FAMILY = "1,2";
			};
			name = Debug;
		};
		05D01E172A21D0E7001C283D /* Release */ = {
			isa = XCBuildConfiguration;
			buildSettings = {
				ASSETCATALOG_COMPILER_APPICON_NAME = AppIcon;
				ASSETCATALOG_COMPILER_GLOBAL_ACCENT_COLOR_NAME = AccentColor;
				CODE_SIGN_STYLE = Automatic;
				CURRENT_PROJECT_VERSION = 1;
				DEVELOPMENT_TEAM = 9JZYRP3D46;
				GENERATE_INFOPLIST_FILE = YES;
				INFOPLIST_FILE = "Clone clock app/Info.plist";
				INFOPLIST_KEY_UIApplicationSupportsIndirectInputEvents = YES;
				INFOPLIST_KEY_UILaunchStoryboardName = LaunchScreen;
				INFOPLIST_KEY_UIMainStoryboardFile = Main;
				INFOPLIST_KEY_UISupportedInterfaceOrientations_iPad = "UIInterfaceOrientationPortrait UIInterfaceOrientationPortraitUpsideDown UIInterfaceOrientationLandscapeLeft UIInterfaceOrientationLandscapeRight";
				INFOPLIST_KEY_UISupportedInterfaceOrientations_iPhone = "UIInterfaceOrientationPortrait UIInterfaceOrientationLandscapeLeft UIInterfaceOrientationLandscapeRight";
				INFOPLIST_KEY_UIUserInterfaceStyle = Dark;
				IPHONEOS_DEPLOYMENT_TARGET = 15.0;
				LD_RUNPATH_SEARCH_PATHS = (
					"$(inherited)",
					"@executable_path/Frameworks",
				);
				MARKETING_VERSION = 1.0;
				PRODUCT_BUNDLE_IDENTIFIER = "-Hooni.Clone-clock-app";
				PRODUCT_NAME = "$(TARGET_NAME)";
				SWIFT_EMIT_LOC_STRINGS = YES;
				SWIFT_VERSION = 5.0;
				TARGETED_DEVICE_FAMILY = "1,2";
			};
			name = Release;
		};
/* End XCBuildConfiguration section */

/* Begin XCConfigurationList section */
		05D01DFC2A21D0E6001C283D /* Build configuration list for PBXProject "Clone clock app" */ = {
			isa = XCConfigurationList;
			buildConfigurations = (
				05D01E132A21D0E7001C283D /* Debug */,
				05D01E142A21D0E7001C283D /* Release */,
			);
			defaultConfigurationIsVisible = 0;
			defaultConfigurationName = Release;
		};
		05D01E152A21D0E7001C283D /* Build configuration list for PBXNativeTarget "Clone clock app" */ = {
			isa = XCConfigurationList;
			buildConfigurations = (
				05D01E162A21D0E7001C283D /* Debug */,
				05D01E172A21D0E7001C283D /* Release */,
			);
			defaultConfigurationIsVisible = 0;
			defaultConfigurationName = Release;
		};
/* End XCConfigurationList section */
	};
	rootObject = 05D01DF92A21D0E6001C283D /* Project object */;
}
