// !$*UTF8*$!
{
	archiveVersion = 1;
	classes = {
	};
	objectVersion = 56;
	objects = {

/* Begin PBXBuildFile section */
		056B80142A18FB0200CBADEE /* AppDelegate.swift in Sources */ = {isa = PBXBuildFile; fileRef = 056B80132A18FB0200CBADEE /* AppDelegate.swift */; };
		056B80162A18FB0200CBADEE /* SceneDelegate.swift in Sources */ = {isa = PBXBuildFile; fileRef = 056B80152A18FB0200CBADEE /* SceneDelegate.swift */; };
		056B80182A18FB0200CBADEE /* NowTimeViewController.swift in Sources */ = {isa = PBXBuildFile; fileRef = 056B80172A18FB0200CBADEE /* NowTimeViewController.swift */; };
		056B801B2A18FB0200CBADEE /* Main.storyboard in Resources */ = {isa = PBXBuildFile; fileRef = 056B80192A18FB0200CBADEE /* Main.storyboard */; };
		056B801D2A18FB0200CBADEE /* Assets.xcassets in Resources */ = {isa = PBXBuildFile; fileRef = 056B801C2A18FB0200CBADEE /* Assets.xcassets */; };
		056B80202A18FB0200CBADEE /* LaunchScreen.storyboard in Resources */ = {isa = PBXBuildFile; fileRef = 056B801E2A18FB0200CBADEE /* LaunchScreen.storyboard */; };
		056B80282A1904B000CBADEE /* TimerViewController.swift in Sources */ = {isa = PBXBuildFile; fileRef = 056B80272A1904B000CBADEE /* TimerViewController.swift */; };
		056B802A2A1904D100CBADEE /* StopWatchViewController.swift in Sources */ = {isa = PBXBuildFile; fileRef = 056B80292A1904D100CBADEE /* StopWatchViewController.swift */; };
		056B802C2A1904DF00CBADEE /* AlarmViewController.swift in Sources */ = {isa = PBXBuildFile; fileRef = 056B802B2A1904DF00CBADEE /* AlarmViewController.swift */; };
/* End PBXBuildFile section */

/* Begin PBXFileReference section */
		056B80102A18FB0200CBADEE /* Clock.app */ = {isa = PBXFileReference; explicitFileType = wrapper.application; includeInIndex = 0; path = Clock.app; sourceTree = BUILT_PRODUCTS_DIR; };
		056B80132A18FB0200CBADEE /* AppDelegate.swift */ = {isa = PBXFileReference; lastKnownFileType = sourcecode.swift; path = AppDelegate.swift; sourceTree = "<group>"; };
		056B80152A18FB0200CBADEE /* SceneDelegate.swift */ = {isa = PBXFileReference; lastKnownFileType = sourcecode.swift; path = SceneDelegate.swift; sourceTree = "<group>"; };
		056B80172A18FB0200CBADEE /* NowTimeViewController.swift */ = {isa = PBXFileReference; lastKnownFileType = sourcecode.swift; path = NowTimeViewController.swift; sourceTree = "<group>"; };
		056B801A2A18FB0200CBADEE /* Base */ = {isa = PBXFileReference; lastKnownFileType = file.storyboard; name = Base; path = Base.lproj/Main.storyboard; sourceTree = "<group>"; };
		056B801C2A18FB0200CBADEE /* Assets.xcassets */ = {isa = PBXFileReference; lastKnownFileType = folder.assetcatalog; path = Assets.xcassets; sourceTree = "<group>"; };
		056B801F2A18FB0200CBADEE /* Base */ = {isa = PBXFileReference; lastKnownFileType = file.storyboard; name = Base; path = Base.lproj/LaunchScreen.storyboard; sourceTree = "<group>"; };
		056B80212A18FB0200CBADEE /* Info.plist */ = {isa = PBXFileReference; lastKnownFileType = text.plist.xml; path = Info.plist; sourceTree = "<group>"; };
		056B80272A1904B000CBADEE /* TimerViewController.swift */ = {isa = PBXFileReference; lastKnownFileType = sourcecode.swift; path = TimerViewController.swift; sourceTree = "<group>"; };
		056B80292A1904D100CBADEE /* StopWatchViewController.swift */ = {isa = PBXFileReference; lastKnownFileType = sourcecode.swift; path = StopWatchViewController.swift; sourceTree = "<group>"; };
		056B802B2A1904DF00CBADEE /* AlarmViewController.swift */ = {isa = PBXFileReference; lastKnownFileType = sourcecode.swift; path = AlarmViewController.swift; sourceTree = "<group>"; };
/* End PBXFileReference section */

/* Begin PBXFrameworksBuildPhase section */
		056B800D2A18FB0200CBADEE /* Frameworks */ = {
			isa = PBXFrameworksBuildPhase;
			buildActionMask = 2147483647;
			files = (
			);
			runOnlyForDeploymentPostprocessing = 0;
		};
/* End PBXFrameworksBuildPhase section */

/* Begin PBXGroup section */
		056B80072A18FB0100CBADEE = {
			isa = PBXGroup;
			children = (
				056B80122A18FB0200CBADEE /* Clock */,
				056B80112A18FB0200CBADEE /* Products */,
			);
			sourceTree = "<group>";
		};
		056B80112A18FB0200CBADEE /* Products */ = {
			isa = PBXGroup;
			children = (
				056B80102A18FB0200CBADEE /* Clock.app */,
			);
			name = Products;
			sourceTree = "<group>";
		};
		056B80122A18FB0200CBADEE /* Clock */ = {
			isa = PBXGroup;
			children = (
				056B80212A18FB0200CBADEE /* Info.plist */,
				058DAD542A1A3A3100118C76 /* Resource */,
				058DAD552A1A3A4500118C76 /* Source */,
			);
			path = Clock;
			sourceTree = "<group>";
		};
		058DAD542A1A3A3100118C76 /* Resource */ = {
			isa = PBXGroup;
			children = (
				056B80132A18FB0200CBADEE /* AppDelegate.swift */,
				056B80152A18FB0200CBADEE /* SceneDelegate.swift */,
				056B801C2A18FB0200CBADEE /* Assets.xcassets */,
				058DAD562A1A3A6100118C76 /* Storyboard */,
				058DAD572A1A3A9500118C76 /* APIService */,
			);
			path = Resource;
			sourceTree = "<group>";
		};
		058DAD552A1A3A4500118C76 /* Source */ = {
			isa = PBXGroup;
			children = (
				058DAD582A1A3AB600118C76 /* VC */,
				058DAD5A2A1A3AFA00118C76 /* Cell */,
				058DAD5C2A1A3B0800118C76 /* Model */,
				058DAD5B2A1A3B0100118C76 /* Design */,
				058DAD592A1A3ABF00118C76 /* Class */,
			);
			path = Source;
			sourceTree = "<group>";
		};
		058DAD562A1A3A6100118C76 /* Storyboard */ = {
			isa = PBXGroup;
			children = (
				056B801E2A18FB0200CBADEE /* LaunchScreen.storyboard */,
				056B80192A18FB0200CBADEE /* Main.storyboard */,
			);
			path = Storyboard;
			sourceTree = "<group>";
		};
		058DAD572A1A3A9500118C76 /* APIService */ = {
			isa = PBXGroup;
			children = (
			);
			path = APIService;
			sourceTree = "<group>";
		};
		058DAD582A1A3AB600118C76 /* VC */ = {
			isa = PBXGroup;
			children = (
				056B80172A18FB0200CBADEE /* NowTimeViewController.swift */,
				056B80272A1904B000CBADEE /* TimerViewController.swift */,
				056B80292A1904D100CBADEE /* StopWatchViewController.swift */,
				056B802B2A1904DF00CBADEE /* AlarmViewController.swift */,
			);
			path = VC;
			sourceTree = "<group>";
		};
		058DAD592A1A3ABF00118C76 /* Class */ = {
			isa = PBXGroup;
			children = (
			);
			path = Class;
			sourceTree = "<group>";
		};
		058DAD5A2A1A3AFA00118C76 /* Cell */ = {
			isa = PBXGroup;
			children = (
			);
			path = Cell;
			sourceTree = "<group>";
		};
		058DAD5B2A1A3B0100118C76 /* Design */ = {
			isa = PBXGroup;
			children = (
			);
			path = Design;
			sourceTree = "<group>";
		};
		058DAD5C2A1A3B0800118C76 /* Model */ = {
			isa = PBXGroup;
			children = (
			);
			path = Model;
			sourceTree = "<group>";
		};
/* End PBXGroup section */

/* Begin PBXNativeTarget section */
		056B800F2A18FB0200CBADEE /* Clock */ = {
			isa = PBXNativeTarget;
			buildConfigurationList = 056B80242A18FB0200CBADEE /* Build configuration list for PBXNativeTarget "Clock" */;
			buildPhases = (
				056B800C2A18FB0200CBADEE /* Sources */,
				056B800D2A18FB0200CBADEE /* Frameworks */,
				056B800E2A18FB0200CBADEE /* Resources */,
			);
			buildRules = (
			);
			dependencies = (
			);
			name = Clock;
			productName = Clock;
			productReference = 056B80102A18FB0200CBADEE /* Clock.app */;
			productType = "com.apple.product-type.application";
		};
/* End PBXNativeTarget section */

/* Begin PBXProject section */
		056B80082A18FB0200CBADEE /* Project object */ = {
			isa = PBXProject;
			attributes = {
				BuildIndependentTargetsInParallel = 1;
				LastSwiftUpdateCheck = 1430;
				LastUpgradeCheck = 1430;
				TargetAttributes = {
					056B800F2A18FB0200CBADEE = {
						CreatedOnToolsVersion = 14.3;
					};
				};
			};
			buildConfigurationList = 056B800B2A18FB0200CBADEE /* Build configuration list for PBXProject "Clock" */;
			compatibilityVersion = "Xcode 14.0";
			developmentRegion = en;
			hasScannedForEncodings = 0;
			knownRegions = (
				en,
				Base,
			);
			mainGroup = 056B80072A18FB0100CBADEE;
			productRefGroup = 056B80112A18FB0200CBADEE /* Products */;
			projectDirPath = "";
			projectRoot = "";
			targets = (
				056B800F2A18FB0200CBADEE /* Clock */,
			);
		};
/* End PBXProject section */

/* Begin PBXResourcesBuildPhase section */
		056B800E2A18FB0200CBADEE /* Resources */ = {
			isa = PBXResourcesBuildPhase;
			buildActionMask = 2147483647;
			files = (
				056B80202A18FB0200CBADEE /* LaunchScreen.storyboard in Resources */,
				056B801D2A18FB0200CBADEE /* Assets.xcassets in Resources */,
				056B801B2A18FB0200CBADEE /* Main.storyboard in Resources */,
			);
			runOnlyForDeploymentPostprocessing = 0;
		};
/* End PBXResourcesBuildPhase section */

/* Begin PBXSourcesBuildPhase section */
		056B800C2A18FB0200CBADEE /* Sources */ = {
			isa = PBXSourcesBuildPhase;
			buildActionMask = 2147483647;
			files = (
				056B80282A1904B000CBADEE /* TimerViewController.swift in Sources */,
				056B80182A18FB0200CBADEE /* NowTimeViewController.swift in Sources */,
				056B802C2A1904DF00CBADEE /* AlarmViewController.swift in Sources */,
				056B80142A18FB0200CBADEE /* AppDelegate.swift in Sources */,
				056B80162A18FB0200CBADEE /* SceneDelegate.swift in Sources */,
				056B802A2A1904D100CBADEE /* StopWatchViewController.swift in Sources */,
			);
			runOnlyForDeploymentPostprocessing = 0;
		};
/* End PBXSourcesBuildPhase section */

/* Begin PBXVariantGroup section */
		056B80192A18FB0200CBADEE /* Main.storyboard */ = {
			isa = PBXVariantGroup;
			children = (
				056B801A2A18FB0200CBADEE /* Base */,
			);
			name = Main.storyboard;
			sourceTree = "<group>";
		};
		056B801E2A18FB0200CBADEE /* LaunchScreen.storyboard */ = {
			isa = PBXVariantGroup;
			children = (
				056B801F2A18FB0200CBADEE /* Base */,
			);
			name = LaunchScreen.storyboard;
			sourceTree = "<group>";
		};
/* End PBXVariantGroup section */

/* Begin XCBuildConfiguration section */
		056B80222A18FB0200CBADEE /* Debug */ = {
			isa = XCBuildConfiguration;
			buildSettings = {
				ALWAYS_SEARCH_USER_PATHS = NO;
				CLANG_ANALYZER_NONNULL = YES;
				CLANG_ANALYZER_NUMBER_OBJECT_CONVERSION = YES_AGGRESSIVE;
				CLANG_CXX_LANGUAGE_STANDARD = "gnu++20";
				CLANG_ENABLE_MODULES = YES;
				CLANG_ENABLE_OBJC_ARC = YES;
				CLANG_ENABLE_OBJC_WEAK = YES;
				CLANG_WARN_BLOCK_CAPTURE_AUTORELEASING = YES;
				CLANG_WARN_BOOL_CONVERSION = YES;
				CLANG_WARN_COMMA = YES;
				CLANG_WARN_CONSTANT_CONVERSION = YES;
				CLANG_WARN_DEPRECATED_OBJC_IMPLEMENTATIONS = YES;
				CLANG_WARN_DIRECT_OBJC_ISA_USAGE = YES_ERROR;
				CLANG_WARN_DOCUMENTATION_COMMENTS = YES;
				CLANG_WARN_EMPTY_BODY = YES;
				CLANG_WARN_ENUM_CONVERSION = YES;
				CLANG_WARN_INFINITE_RECURSION = YES;
				CLANG_WARN_INT_CONVERSION = YES;
				CLANG_WARN_NON_LITERAL_NULL_CONVERSION = YES;
				CLANG_WARN_OBJC_IMPLICIT_RETAIN_SELF = YES;
				CLANG_WARN_OBJC_LITERAL_CONVERSION = YES;
				CLANG_WARN_OBJC_ROOT_CLASS = YES_ERROR;
				CLANG_WARN_QUOTED_INCLUDE_IN_FRAMEWORK_HEADER = YES;
				CLANG_WARN_RANGE_LOOP_ANALYSIS = YES;
				CLANG_WARN_STRICT_PROTOTYPES = YES;
				CLANG_WARN_SUSPICIOUS_MOVE = YES;
				CLANG_WARN_UNGUARDED_AVAILABILITY = YES_AGGRESSIVE;
				CLANG_WARN_UNREACHABLE_CODE = YES;
				CLANG_WARN__DUPLICATE_METHOD_MATCH = YES;
				COPY_PHASE_STRIP = NO;
				DEBUG_INFORMATION_FORMAT = dwarf;
				ENABLE_STRICT_OBJC_MSGSEND = YES;
				ENABLE_TESTABILITY = YES;
				GCC_C_LANGUAGE_STANDARD = gnu11;
				GCC_DYNAMIC_NO_PIC = NO;
				GCC_NO_COMMON_BLOCKS = YES;
				GCC_OPTIMIZATION_LEVEL = 0;
				GCC_PREPROCESSOR_DEFINITIONS = (
					"DEBUG=1",
					"$(inherited)",
				);
				GCC_WARN_64_TO_32_BIT_CONVERSION = YES;
				GCC_WARN_ABOUT_RETURN_TYPE = YES_ERROR;
				GCC_WARN_UNDECLARED_SELECTOR = YES;
				GCC_WARN_UNINITIALIZED_AUTOS = YES_AGGRESSIVE;
				GCC_WARN_UNUSED_FUNCTION = YES;
				GCC_WARN_UNUSED_VARIABLE = YES;
				IPHONEOS_DEPLOYMENT_TARGET = 16.4;
				MTL_ENABLE_DEBUG_INFO = INCLUDE_SOURCE;
				MTL_FAST_MATH = YES;
				ONLY_ACTIVE_ARCH = YES;
				SDKROOT = iphoneos;
				SWIFT_ACTIVE_COMPILATION_CONDITIONS = DEBUG;
				SWIFT_OPTIMIZATION_LEVEL = "-Onone";
			};
			name = Debug;
		};
		056B80232A18FB0200CBADEE /* Release */ = {
			isa = XCBuildConfiguration;
			buildSettings = {
				ALWAYS_SEARCH_USER_PATHS = NO;
				CLANG_ANALYZER_NONNULL = YES;
				CLANG_ANALYZER_NUMBER_OBJECT_CONVERSION = YES_AGGRESSIVE;
				CLANG_CXX_LANGUAGE_STANDARD = "gnu++20";
				CLANG_ENABLE_MODULES = YES;
				CLANG_ENABLE_OBJC_ARC = YES;
				CLANG_ENABLE_OBJC_WEAK = YES;
				CLANG_WARN_BLOCK_CAPTURE_AUTORELEASING = YES;
				CLANG_WARN_BOOL_CONVERSION = YES;
				CLANG_WARN_COMMA = YES;
				CLANG_WARN_CONSTANT_CONVERSION = YES;
				CLANG_WARN_DEPRECATED_OBJC_IMPLEMENTATIONS = YES;
				CLANG_WARN_DIRECT_OBJC_ISA_USAGE = YES_ERROR;
				CLANG_WARN_DOCUMENTATION_COMMENTS = YES;
				CLANG_WARN_EMPTY_BODY = YES;
				CLANG_WARN_ENUM_CONVERSION = YES;
				CLANG_WARN_INFINITE_RECURSION = YES;
				CLANG_WARN_INT_CONVERSION = YES;
				CLANG_WARN_NON_LITERAL_NULL_CONVERSION = YES;
				CLANG_WARN_OBJC_IMPLICIT_RETAIN_SELF = YES;
				CLANG_WARN_OBJC_LITERAL_CONVERSION = YES;
				CLANG_WARN_OBJC_ROOT_CLASS = YES_ERROR;
				CLANG_WARN_QUOTED_INCLUDE_IN_FRAMEWORK_HEADER = YES;
				CLANG_WARN_RANGE_LOOP_ANALYSIS = YES;
				CLANG_WARN_STRICT_PROTOTYPES = YES;
				CLANG_WARN_SUSPICIOUS_MOVE = YES;
				CLANG_WARN_UNGUARDED_AVAILABILITY = YES_AGGRESSIVE;
				CLANG_WARN_UNREACHABLE_CODE = YES;
				CLANG_WARN__DUPLICATE_METHOD_MATCH = YES;
				COPY_PHASE_STRIP = NO;
				DEBUG_INFORMATION_FORMAT = "dwarf-with-dsym";
				ENABLE_NS_ASSERTIONS = NO;
				ENABLE_STRICT_OBJC_MSGSEND = YES;
				GCC_C_LANGUAGE_STANDARD = gnu11;
				GCC_NO_COMMON_BLOCKS = YES;
				GCC_WARN_64_TO_32_BIT_CONVERSION = YES;
				GCC_WARN_ABOUT_RETURN_TYPE = YES_ERROR;
				GCC_WARN_UNDECLARED_SELECTOR = YES;
				GCC_WARN_UNINITIALIZED_AUTOS = YES_AGGRESSIVE;
				GCC_WARN_UNUSED_FUNCTION = YES;
				GCC_WARN_UNUSED_VARIABLE = YES;
				IPHONEOS_DEPLOYMENT_TARGET = 16.4;
				MTL_ENABLE_DEBUG_INFO = NO;
				MTL_FAST_MATH = YES;
				SDKROOT = iphoneos;
				SWIFT_COMPILATION_MODE = wholemodule;
				SWIFT_OPTIMIZATION_LEVEL = "-O";
				VALIDATE_PRODUCT = YES;
			};
			name = Release;
		};
		056B80252A18FB0200CBADEE /* Debug */ = {
			isa = XCBuildConfiguration;
			buildSettings = {
				ASSETCATALOG_COMPILER_APPICON_NAME = AppIcon;
				ASSETCATALOG_COMPILER_GLOBAL_ACCENT_COLOR_NAME = AccentColor;
				CODE_SIGN_STYLE = Automatic;
				CURRENT_PROJECT_VERSION = 1;
				DEVELOPMENT_TEAM = 9JZYRP3D46;
				GENERATE_INFOPLIST_FILE = YES;
				INFOPLIST_FILE = Clock/Info.plist;
				INFOPLIST_KEY_UIApplicationSupportsIndirectInputEvents = YES;
				INFOPLIST_KEY_UILaunchStoryboardName = LaunchScreen;
				INFOPLIST_KEY_UIMainStoryboardFile = Main;
				INFOPLIST_KEY_UISupportedInterfaceOrientations_iPad = "UIInterfaceOrientationPortrait UIInterfaceOrientationPortraitUpsideDown UIInterfaceOrientationLandscapeLeft UIInterfaceOrientationLandscapeRight";
				INFOPLIST_KEY_UISupportedInterfaceOrientations_iPhone = "UIInterfaceOrientationPortrait UIInterfaceOrientationLandscapeLeft UIInterfaceOrientationLandscapeRight";
				LD_RUNPATH_SEARCH_PATHS = (
					"$(inherited)",
					"@executable_path/Frameworks",
				);
				MARKETING_VERSION = 1.0;
				PRODUCT_BUNDLE_IDENTIFIER = "-Hooni.Clock";
				PRODUCT_NAME = "$(TARGET_NAME)";
				SWIFT_EMIT_LOC_STRINGS = YES;
				SWIFT_VERSION = 5.0;
				TARGETED_DEVICE_FAMILY = "1,2";
			};
			name = Debug;
		};
		056B80262A18FB0200CBADEE /* Release */ = {
			isa = XCBuildConfiguration;
			buildSettings = {
				ASSETCATALOG_COMPILER_APPICON_NAME = AppIcon;
				ASSETCATALOG_COMPILER_GLOBAL_ACCENT_COLOR_NAME = AccentColor;
				CODE_SIGN_STYLE = Automatic;
				CURRENT_PROJECT_VERSION = 1;
				DEVELOPMENT_TEAM = 9JZYRP3D46;
				GENERATE_INFOPLIST_FILE = YES;
				INFOPLIST_FILE = Clock/Info.plist;
				INFOPLIST_KEY_UIApplicationSupportsIndirectInputEvents = YES;
				INFOPLIST_KEY_UILaunchStoryboardName = LaunchScreen;
				INFOPLIST_KEY_UIMainStoryboardFile = Main;
				INFOPLIST_KEY_UISupportedInterfaceOrientations_iPad = "UIInterfaceOrientationPortrait UIInterfaceOrientationPortraitUpsideDown UIInterfaceOrientationLandscapeLeft UIInterfaceOrientationLandscapeRight";
				INFOPLIST_KEY_UISupportedInterfaceOrientations_iPhone = "UIInterfaceOrientationPortrait UIInterfaceOrientationLandscapeLeft UIInterfaceOrientationLandscapeRight";
				LD_RUNPATH_SEARCH_PATHS = (
					"$(inherited)",
					"@executable_path/Frameworks",
				);
				MARKETING_VERSION = 1.0;
				PRODUCT_BUNDLE_IDENTIFIER = "-Hooni.Clock";
				PRODUCT_NAME = "$(TARGET_NAME)";
				SWIFT_EMIT_LOC_STRINGS = YES;
				SWIFT_VERSION = 5.0;
				TARGETED_DEVICE_FAMILY = "1,2";
			};
			name = Release;
		};
/* End XCBuildConfiguration section */

/* Begin XCConfigurationList section */
		056B800B2A18FB0200CBADEE /* Build configuration list for PBXProject "Clock" */ = {
			isa = XCConfigurationList;
			buildConfigurations = (
				056B80222A18FB0200CBADEE /* Debug */,
				056B80232A18FB0200CBADEE /* Release */,
			);
			defaultConfigurationIsVisible = 0;
			defaultConfigurationName = Release;
		};
		056B80242A18FB0200CBADEE /* Build configuration list for PBXNativeTarget "Clock" */ = {
			isa = XCConfigurationList;
			buildConfigurations = (
				056B80252A18FB0200CBADEE /* Debug */,
				056B80262A18FB0200CBADEE /* Release */,
			);
			defaultConfigurationIsVisible = 0;
			defaultConfigurationName = Release;
		};
/* End XCConfigurationList section */
	};
	rootObject = 056B80082A18FB0200CBADEE /* Project object */;
}
